
Microsoft Visual Studio Solution File, Format Version 12.00
# Visual Studio Version 17
VisualStudioVersion = 17.9.34714.143
MinimumVisualStudioVersion = 10.0.40219.1
Project("{FAE04EC0-301F-11D3-BF4B-00C04F79EFBC}") = "Recipes", "WpfApp1\Recipes.csproj", "{4DF5DA29-001F-4BFC-82CE-51BA99E64F03}"
EndProject
Global
	GlobalSection(SolutionConfigurationPlatforms) = preSolution
		Debug|Any CPU = Debug|Any CPU
		Release|Any CPU = Release|Any CPU
	EndGlobalSection
	GlobalSection(ProjectConfigurationPlatforms) = postSolution
		{4DF5DA29-001F-4BFC-82CE-51BA99E64F03}.Debug|Any CPU.ActiveCfg = Debug|Any CPU
		{4DF5DA29-001F-4BFC-82CE-51BA99E64F03}.Debug|Any CPU.Build.0 = Debug|Any CPU
		{4DF5DA29-001F-4BFC-82CE-51BA99E64F03}.Release|Any CPU.ActiveCfg = Release|Any CPU
		{4DF5DA29-001F-4BFC-82CE-51BA99E64F03}.Release|Any CPU.Build.0 = Release|Any CPU
	EndGlobalSection
	GlobalSection(SolutionProperties) = preSolution
		HideSolutionNode = FALSE
	EndGlobalSection
	GlobalSection(ExtensibilityGlobals) = postSolution
		SolutionGuid = {E9EAE9A6-A9FA-4AD5-8C90-26F8DC6F45B6}
	EndGlobalSection
EndGlobal
